
Microsoft Visual Studio Solution File, Format Version 12.00
# Visual Studio Version 17
VisualStudioVersion = 17.12.35506.116
MinimumVisualStudioVersion = 10.0.40219.1
Project("{FAE04EC0-301F-11D3-BF4B-00C04F79EFBC}") = "Tick.Identity", "Tick.Identity\Tick.Identity.csproj", "{F2C0EEC0-D927-42B3-9960-321EA7860B5B}"
EndProject
Project("{FAE04EC0-301F-11D3-BF4B-00C04F79EFBC}") = "Tick.Shared", "Tick.Shared\Tick.Shared.csproj", "{8ED6456B-AEE8-44B9-A246-DCA4B94EA571}"
EndProject
Project("{FAE04EC0-301F-11D3-BF4B-00C04F79EFBC}") = "Tick.API", "Tick.API\Tick.API.csproj", "{B930DE39-BF31-461E-BFF7-370549C8DC15}"
EndProject
Project("{54A90642-561A-4BB1-A94E-469ADEE60C69}") = "Tick.Frontend", "Tick.Frontend\Tick.Frontend.esproj", "{A86B8A00-0154-4F96-B671-8E46687C14F0}"
EndProject
Project("{FAE04EC0-301F-11D3-BF4B-00C04F79EFBC}") = "Tick.Models", "Tick.Models\Tick.Models.csproj", "{FD18730B-5415-4D62-AE58-3EB97EAA7888}"
EndProject
Global
	GlobalSection(SolutionConfigurationPlatforms) = preSolution
		Debug|Any CPU = Debug|Any CPU
		Release|Any CPU = Release|Any CPU
	EndGlobalSection
	GlobalSection(ProjectConfigurationPlatforms) = postSolution
		{F2C0EEC0-D927-42B3-9960-321EA7860B5B}.Debug|Any CPU.ActiveCfg = Debug|Any CPU
		{F2C0EEC0-D927-42B3-9960-321EA7860B5B}.Debug|Any CPU.Build.0 = Debug|Any CPU
		{F2C0EEC0-D927-42B3-9960-321EA7860B5B}.Release|Any CPU.ActiveCfg = Release|Any CPU
		{F2C0EEC0-D927-42B3-9960-321EA7860B5B}.Release|Any CPU.Build.0 = Release|Any CPU
		{8ED6456B-AEE8-44B9-A246-DCA4B94EA571}.Debug|Any CPU.ActiveCfg = Debug|Any CPU
		{8ED6456B-AEE8-44B9-A246-DCA4B94EA571}.Debug|Any CPU.Build.0 = Debug|Any CPU
		{8ED6456B-AEE8-44B9-A246-DCA4B94EA571}.Release|Any CPU.ActiveCfg = Release|Any CPU
		{8ED6456B-AEE8-44B9-A246-DCA4B94EA571}.Release|Any CPU.Build.0 = Release|Any CPU
		{B930DE39-BF31-461E-BFF7-370549C8DC15}.Debug|Any CPU.ActiveCfg = Debug|Any CPU
		{B930DE39-BF31-461E-BFF7-370549C8DC15}.Debug|Any CPU.Build.0 = Debug|Any CPU
		{B930DE39-BF31-461E-BFF7-370549C8DC15}.Release|Any CPU.ActiveCfg = Release|Any CPU
		{B930DE39-BF31-461E-BFF7-370549C8DC15}.Release|Any CPU.Build.0 = Release|Any CPU
		{A86B8A00-0154-4F96-B671-8E46687C14F0}.Debug|Any CPU.ActiveCfg = Debug|Any CPU
		{A86B8A00-0154-4F96-B671-8E46687C14F0}.Debug|Any CPU.Build.0 = Debug|Any CPU
		{A86B8A00-0154-4F96-B671-8E46687C14F0}.Debug|Any CPU.Deploy.0 = Debug|Any CPU
		{A86B8A00-0154-4F96-B671-8E46687C14F0}.Release|Any CPU.ActiveCfg = Release|Any CPU
		{A86B8A00-0154-4F96-B671-8E46687C14F0}.Release|Any CPU.Build.0 = Release|Any CPU
		{A86B8A00-0154-4F96-B671-8E46687C14F0}.Release|Any CPU.Deploy.0 = Release|Any CPU
		{FD18730B-5415-4D62-AE58-3EB97EAA7888}.Debug|Any CPU.ActiveCfg = Debug|Any CPU
		{FD18730B-5415-4D62-AE58-3EB97EAA7888}.Debug|Any CPU.Build.0 = Debug|Any CPU
		{FD18730B-5415-4D62-AE58-3EB97EAA7888}.Release|Any CPU.ActiveCfg = Release|Any CPU
		{FD18730B-5415-4D62-AE58-3EB97EAA7888}.Release|Any CPU.Build.0 = Release|Any CPU
	EndGlobalSection
	GlobalSection(SolutionProperties) = preSolution
		HideSolutionNode = FALSE
	EndGlobalSection
EndGlobal
